github.com/davecgh/go-spew v1.1.0/go.mod h1:J7Y8YcW2NihsgmVo/mv3lAwl/skON4iLHjSsI+c5H38=
github.com/davecgh/go-spew v1.1.1/go.mod h1:J7Y8YcW2NihsgmVo/mv3lAwl/skON4iLHjSsI+c5H38=
github.com/goroute/route v0.0.0-20190711182439-6728791eeef1 h1:sIFvQkuVTzkTazdrqo/rDe38lfM8zZ9L8htepFXJl0c=
github.com/goroute/route v0.0.0-20190711182439-6728791eeef1/go.mod h1:NbIJ/ugD3lKtySaGZKqTMvxLmUCVD19uZ6HZrZUEQrY=
github.com/goroute/route v0.0.0-20190719070023-d954e0fc21fb h1:TkY3noxJyjL/R+acsPtL55XqtArEIYxVqA0jpPAViTY=
github.com/goroute/route v0.0.0-20190719070023-d954e0fc21fb/go.mod h1:NbIJ/ugD3lKtySaGZKqTMvxLmUCVD19uZ6HZrZUEQrY=
github.com/pmezard/go-difflib v1.0.0/go.mod h1:iKH77koFhYxTK1pcRnkKkqfTogsbg7gZNVY4sRDYZ/4=
github.com/stretchr/objx v0.1.0/go.mod h1:HFkY916IF+rwdDfMAkV7OtwuqBVzrE8GR6GFx+wExME=
github.com/stretchr/objx v0.2.0/go.mod h1:qt09Ya8vawLte6SNmTgCsAVtYtaKzEcn8ATUoHMkEqE=
github.com/stretchr/testify v1.2.2/go.mod h1:a8OnRcib4nhh0OaRAV+Yts87kKdq0PP7pXfy6kDkUVs=
github.com/stretchr/testify v1.3.0/go.mod h1:M5WIy9Dh21IEIfnGCwXGc5bZfKNJtfHm1UVUgZn+9EI=
